<?xml version="1.0" encoding="utf-8"?>
<Project ToolsVersion="4.0" xmlns="http://schemas.microsoft.com/developer/msbuild/2003">
  <ItemGroup>
    <Filter Include="External">
      <UniqueIdentifier>{089DB854-F469-1360-1D83-010809AF48EE}</UniqueIdentifier>
    </Filter>
    <Filter Include="External\ImGui">
      <UniqueIdentifier>{32B8D450-1E86-C856-071A-397DF386A4BB}</UniqueIdentifier>
    </Filter>
    <Filter Include="External\ImGui\backends">
      <UniqueIdentifier>{9C8A49CF-08C2-9166-11CC-F5897D82B85F}</UniqueIdentifier>
    </Filter>
    <Filter Include="Src">
      <UniqueIdentifier>{0D23880B-792C-887C-02A8-9E7C6EB0937C}</UniqueIdentifier>
    </Filter>
    <Filter Include="Src\Math">
      <UniqueIdentifier>{0678E746-F244-4252-1B5E-30FA078A77E0}</UniqueIdentifier>
    </Filter>
    <Filter Include="Src\Shaders">
      <UniqueIdentifier>{E6043150-52BA-A945-DBAE-A31C4763A049}</UniqueIdentifier>
    </Filter>
    <Filter Include="Src\Utility">
      <UniqueIdentifier>{509EB806-BC53-31FC-4548-2BD3B1FC2700}</UniqueIdentifier>
    </Filter>
    <Filter Include="Src\project">
      <UniqueIdentifier>{731CDE20-DFD1-5616-68C6-50EDD47A4D1A}</UniqueIdentifier>
    </Filter>
  </ItemGroup>
  <ItemGroup>
    <ClInclude Include="External\ImGui\backends\imgui_impl_dx11.h">
      <Filter>External\ImGui\backends</Filter>
    </ClInclude>
    <ClInclude Include="External\ImGui\backends\imgui_impl_win32.h">
      <Filter>External\ImGui\backends</Filter>
    </ClInclude>
    <ClInclude Include="Src\Math\CMatrix4x4.h">
      <Filter>Src\Math</Filter>
    </ClInclude>
    <ClInclude Include="Src\Math\CPerlinNoise.h">
      <Filter>Src\Math</Filter>
    </ClInclude>
    <ClInclude Include="Src\Math\CVector2.h">
      <Filter>Src\Math</Filter>
    </ClInclude>
    <ClInclude Include="Src\Math\CVector3.h">
      <Filter>Src\Math</Filter>
    </ClInclude>
    <ClInclude Include="Src\Math\MathHelpers.h">
      <Filter>Src\Math</Filter>
    </ClInclude>
    <ClInclude Include="Src\Utility\CResourceManager.h">
      <Filter>Src\Utility</Filter>
    </ClInclude>
    <ClInclude Include="Src\Utility\ColourRGBA.h">
      <Filter>Src\Utility</Filter>
    </ClInclude>
    <ClInclude Include="Src\Utility\GraphicsHelpers.h">
      <Filter>Src\Utility</Filter>
    </ClInclude>
    <ClInclude Include="Src\Utility\Input.h">
      <Filter>Src\Utility</Filter>
    </ClInclude>
    <ClInclude Include="Src\Utility\Timer.h">
      <Filter>Src\Utility</Filter>
    </ClInclude>
    <ClInclude Include="Src\project\CLight.h">
      <Filter>Src\project</Filter>
    </ClInclude>
    <ClInclude Include="Src\project\Camera.h">
      <Filter>Src\project</Filter>
    </ClInclude>
    <ClInclude Include="Src\project\Common.h">
      <Filter>Src\project</Filter>
    </ClInclude>
    <ClInclude Include="Src\project\Direct3DSetup.h">
      <Filter>Src\project</Filter>
    </ClInclude>
    <ClInclude Include="Src\project\Mesh.h">
      <Filter>Src\project</Filter>
    </ClInclude>
    <ClInclude Include="Src\project\Model.h">
      <Filter>Src\project</Filter>
    </ClInclude>
    <ClInclude Include="Src\project\Scene.h">
      <Filter>Src\project</Filter>
    </ClInclude>
    <ClInclude Include="Src\project\Shader.h">
      <Filter>Src\project</Filter>
    </ClInclude>
    <ClInclude Include="Src\project\State.h">
      <Filter>Src\project</Filter>
    </ClInclude>
    <ClInclude Include="Src\tepch.h">
      <Filter>Src</Filter>
    </ClInclude>
  </ItemGroup>
  <ItemGroup>
    <ClCompile Include="External\ImGui\backends\imgui_impl_dx11.cpp">
      <Filter>External\ImGui\backends</Filter>
    </ClCompile>
    <ClCompile Include="External\ImGui\backends\imgui_impl_win32.cpp">
      <Filter>External\ImGui\backends</Filter>
    </ClCompile>
    <ClCompile Include="Src\Math\CMatrix4x4.cpp">
      <Filter>Src\Math</Filter>
    </ClCompile>
    <ClCompile Include="Src\Math\CPerlinNoise.cpp">
      <Filter>Src\Math</Filter>
    </ClCompile>
    <ClCompile Include="Src\Math\CVector2.cpp">
      <Filter>Src\Math</Filter>
    </ClCompile>
    <ClCompile Include="Src\Math\CVector3.cpp">
      <Filter>Src\Math</Filter>
    </ClCompile>
    <ClCompile Include="Src\Utility\CResourceManager.cpp">
      <Filter>Src\Utility</Filter>
    </ClCompile>
    <ClCompile Include="Src\Utility\GraphicsHelpers.cpp">
      <Filter>Src\Utility</Filter>
    </ClCompile>
    <ClCompile Include="Src\Utility\Input.cpp">
      <Filter>Src\Utility</Filter>
    </ClCompile>
    <ClCompile Include="Src\Utility\Timer.cpp">
      <Filter>Src\Utility</Filter>
    </ClCompile>
    <ClCompile Include="Src\project\CLight.cpp">
      <Filter>Src\project</Filter>
    </ClCompile>
    <ClCompile Include="Src\project\Camera.cpp">
      <Filter>Src\project</Filter>
    </ClCompile>
    <ClCompile Include="Src\project\Direct3DSetup.cpp">
      <Filter>Src\project</Filter>
    </ClCompile>
    <ClCompile Include="Src\project\Main.cpp">
      <Filter>Src\project</Filter>
    </ClCompile>
    <ClCompile Include="Src\project\Mesh.cpp">
      <Filter>Src\project</Filter>
    </ClCompile>
    <ClCompile Include="Src\project\Model.cpp">
      <Filter>Src\project</Filter>
    </ClCompile>
    <ClCompile Include="Src\project\Scene.cpp">
      <Filter>Src\project</Filter>
    </ClCompile>
    <ClCompile Include="Src\project\Shader.cpp">
      <Filter>Src\project</Filter>
    </ClCompile>
    <ClCompile Include="Src\project\State.cpp">
      <Filter>Src\project</Filter>
    </ClCompile>
    <ClCompile Include="Src\tepch.cpp">
      <Filter>Src</Filter>
    </ClCompile>
  </ItemGroup>
  <ItemGroup>
    <FxCompile Include="Src\Shaders\BasicTransform_vs.hlsl">
      <Filter>Src\Shaders</Filter>
    </FxCompile>
    <FxCompile Include="Src\Shaders\LightModel_ps.hlsl">
      <Filter>Src\Shaders</Filter>
    </FxCompile>
    <FxCompile Include="Src\Shaders\PixelLighting_ps.hlsl">
      <Filter>Src\Shaders</Filter>
    </FxCompile>
    <FxCompile Include="Src\Shaders\PixelLighting_vs.hlsl">
      <Filter>Src\Shaders</Filter>
    </FxCompile>
    <FxCompile Include="Src\Shaders\Skinning_vs.hlsl">
      <Filter>Src\Shaders</Filter>
    </FxCompile>
    <FxCompile Include="Src\Shaders\TerrainShader_ps.hlsl">
      <Filter>Src\Shaders</Filter>
    </FxCompile>
  </ItemGroup>
  <ItemGroup>
    <None Include="Src\Shaders\Common.hlsli">
      <Filter>Src\Shaders</Filter>
    </None>
  </ItemGroup>
</Project>