<?xml version="1.0" encoding="utf-8"?>
<Project ToolsVersion="4.0" xmlns="http://schemas.microsoft.com/developer/msbuild/2003">
  <ItemGroup>
    <Filter Include="External">
      <UniqueIdentifier>{089DB854-F469-1360-1D83-010809AF48EE}</UniqueIdentifier>
    </Filter>
    <Filter Include="External\imGUI">
      <UniqueIdentifier>{12C41753-FE91-0B59-E725-7C7FD392E7BD}</UniqueIdentifier>
    </Filter>
    <Filter Include="External\imGUI\backends">
      <UniqueIdentifier>{7CF2670A-E829-B0A1-F133-14C55DEAD69A}</UniqueIdentifier>
    </Filter>
    <Filter Include="Src">
      <UniqueIdentifier>{0D23880B-792C-887C-02A8-9E7C6EB0937C}</UniqueIdentifier>
    </Filter>
    <Filter Include="Src\Data">
      <UniqueIdentifier>{9688E246-8255-3D52-AB6E-2BFA979A72E0}</UniqueIdentifier>
    </Filter>
    <Filter Include="Src\Math">
      <UniqueIdentifier>{0678E746-F244-4252-1B5E-30FA078A77E0}</UniqueIdentifier>
    </Filter>
    <Filter Include="Src\Scene">
      <UniqueIdentifier>{EAE54324-5650-F89A-9F8E-A9400B38D6EF}</UniqueIdentifier>
    </Filter>
    <Filter Include="Src\Shaders">
      <UniqueIdentifier>{E6043150-52BA-A945-DBAE-A31C4763A049}</UniqueIdentifier>
    </Filter>
    <Filter Include="Src\System">
      <UniqueIdentifier>{818556AE-6D3D-98FB-D644-7157C21B33EC}</UniqueIdentifier>
    </Filter>
    <Filter Include="Src\Utility">
      <UniqueIdentifier>{509EB806-BC53-31FC-4548-2BD3B1FC2700}</UniqueIdentifier>
    </Filter>
    <Filter Include="Src\project">
      <UniqueIdentifier>{731CDE20-DFD1-5616-68C6-50EDD47A4D1A}</UniqueIdentifier>
    </Filter>
  </ItemGroup>
  <ItemGroup>
    <ClInclude Include="External\imGUI\backends\imgui_impl_dx11.h">
      <Filter>External\imGUI\backends</Filter>
    </ClInclude>
    <ClInclude Include="External\imGUI\backends\imgui_impl_win32.h">
      <Filter>External\imGUI\backends</Filter>
    </ClInclude>
    <ClInclude Include="Src\Data\Mesh.h">
      <Filter>Src\Data</Filter>
    </ClInclude>
    <ClInclude Include="Src\Data\Model.h">
      <Filter>Src\Data</Filter>
    </ClInclude>
    <ClInclude Include="Src\Math\CMatrix4x4.h">
      <Filter>Src\Math</Filter>
    </ClInclude>
    <ClInclude Include="Src\Math\CPerlinNoise.h">
      <Filter>Src\Math</Filter>
    </ClInclude>
    <ClInclude Include="Src\Math\CVector2.h">
      <Filter>Src\Math</Filter>
    </ClInclude>
    <ClInclude Include="Src\Math\CVector3.h">
      <Filter>Src\Math</Filter>
    </ClInclude>
    <ClInclude Include="Src\Math\DiamondSquare.h">
      <Filter>Src\Math</Filter>
    </ClInclude>
    <ClInclude Include="Src\Math\MathHelpers.h">
      <Filter>Src\Math</Filter>
    </ClInclude>
    <ClInclude Include="Src\Scene\BaseScene.h">
      <Filter>Src\Scene</Filter>
    </ClInclude>
    <ClInclude Include="Src\Scene\CLight.h">
      <Filter>Src\Scene</Filter>
    </ClInclude>
    <ClInclude Include="Src\Scene\Camera.h">
      <Filter>Src\Scene</Filter>
    </ClInclude>
    <ClInclude Include="Src\Scene\TerrainGenerationScene.h">
      <Filter>Src\Scene</Filter>
    </ClInclude>
    <ClInclude Include="Src\Shaders\Shader.h">
      <Filter>Src\Shaders</Filter>
    </ClInclude>
    <ClInclude Include="Src\System\Direct3DSetup.h">
      <Filter>Src\System</Filter>
    </ClInclude>
    <ClInclude Include="Src\System\System.h">
      <Filter>Src\System</Filter>
    </ClInclude>
    <ClInclude Include="Src\Utility\CResourceManager.h">
      <Filter>Src\Utility</Filter>
    </ClInclude>
    <ClInclude Include="Src\Utility\ColourRGBA.h">
      <Filter>Src\Utility</Filter>
    </ClInclude>
    <ClInclude Include="Src\Utility\GraphicsHelpers.h">
      <Filter>Src\Utility</Filter>
    </ClInclude>
    <ClInclude Include="Src\Utility\Input.h">
      <Filter>Src\Utility</Filter>
    </ClInclude>
    <ClInclude Include="Src\Utility\Timer.h">
      <Filter>Src\Utility</Filter>
    </ClInclude>
    <ClInclude Include="Src\project\Common.h">
      <Filter>Src\project</Filter>
    </ClInclude>
    <ClInclude Include="Src\project\State.h">
      <Filter>Src\project</Filter>
    </ClInclude>
    <ClInclude Include="Src\tepch.h">
      <Filter>Src</Filter>
    </ClInclude>
  </ItemGroup>
  <ItemGroup>
    <ClCompile Include="External\imGUI\backends\imgui_impl_dx11.cpp">
      <Filter>External\imGUI\backends</Filter>
    </ClCompile>
    <ClCompile Include="External\imGUI\backends\imgui_impl_win32.cpp">
      <Filter>External\imGUI\backends</Filter>
    </ClCompile>
    <ClCompile Include="Src\Data\Mesh.cpp">
      <Filter>Src\Data</Filter>
    </ClCompile>
    <ClCompile Include="Src\Data\Model.cpp">
      <Filter>Src\Data</Filter>
    </ClCompile>
    <ClCompile Include="Src\Math\CMatrix4x4.cpp">
      <Filter>Src\Math</Filter>
    </ClCompile>
    <ClCompile Include="Src\Math\CPerlinNoise.cpp">
      <Filter>Src\Math</Filter>
    </ClCompile>
    <ClCompile Include="Src\Math\CVector2.cpp">
      <Filter>Src\Math</Filter>
    </ClCompile>
    <ClCompile Include="Src\Math\CVector3.cpp">
      <Filter>Src\Math</Filter>
    </ClCompile>
    <ClCompile Include="Src\Math\DiamondSquare.cpp">
      <Filter>Src\Math</Filter>
    </ClCompile>
    <ClCompile Include="Src\Scene\BaseScene.cpp">
      <Filter>Src\Scene</Filter>
    </ClCompile>
    <ClCompile Include="Src\Scene\CLight.cpp">
      <Filter>Src\Scene</Filter>
    </ClCompile>
    <ClCompile Include="Src\Scene\Camera.cpp">
      <Filter>Src\Scene</Filter>
    </ClCompile>
    <ClCompile Include="Src\Scene\TerrainGenerationScene.cpp">
      <Filter>Src\Scene</Filter>
    </ClCompile>
    <ClCompile Include="Src\Shaders\Shader.cpp">
      <Filter>Src\Shaders</Filter>
    </ClCompile>
    <ClCompile Include="Src\System\Direct3DSetup.cpp">
      <Filter>Src\System</Filter>
    </ClCompile>
    <ClCompile Include="Src\System\System.cpp">
      <Filter>Src\System</Filter>
    </ClCompile>
    <ClCompile Include="Src\Utility\CResourceManager.cpp">
      <Filter>Src\Utility</Filter>
    </ClCompile>
    <ClCompile Include="Src\Utility\GraphicsHelpers.cpp">
      <Filter>Src\Utility</Filter>
    </ClCompile>
    <ClCompile Include="Src\Utility\Input.cpp">
      <Filter>Src\Utility</Filter>
    </ClCompile>
    <ClCompile Include="Src\Utility\Timer.cpp">
      <Filter>Src\Utility</Filter>
    </ClCompile>
    <ClCompile Include="Src\project\Main.cpp">
      <Filter>Src\project</Filter>
    </ClCompile>
    <ClCompile Include="Src\project\State.cpp">
      <Filter>Src\project</Filter>
    </ClCompile>
    <ClCompile Include="Src\tepch.cpp">
      <Filter>Src</Filter>
    </ClCompile>
  </ItemGroup>
  <ItemGroup>
    <FxCompile Include="Src\Shaders\BasicTransform_vs.hlsl">
      <Filter>Src\Shaders</Filter>
    </FxCompile>
    <FxCompile Include="Src\Shaders\LightModel_ps.hlsl">
      <Filter>Src\Shaders</Filter>
    </FxCompile>
    <FxCompile Include="Src\Shaders\PixelLighting_ps.hlsl">
      <Filter>Src\Shaders</Filter>
    </FxCompile>
    <FxCompile Include="Src\Shaders\PixelLighting_vs.hlsl">
      <Filter>Src\Shaders</Filter>
    </FxCompile>
    <FxCompile Include="Src\Shaders\Skinning_vs.hlsl">
      <Filter>Src\Shaders</Filter>
    </FxCompile>
    <FxCompile Include="Src\Shaders\TerrainShader_ps.hlsl">
      <Filter>Src\Shaders</Filter>
    </FxCompile>
    <FxCompile Include="Src\Shaders\Triangle_Normals_gs.hlsl">
      <Filter>Src\Shaders</Filter>
    </FxCompile>
    <FxCompile Include="Src\Shaders\WorldTransformOnly_vs.hlsl">
      <Filter>Src\Shaders</Filter>
    </FxCompile>
  </ItemGroup>
  <ItemGroup>
    <None Include="Src\Shaders\Common.hlsli">
      <Filter>Src\Shaders</Filter>
    </None>
  </ItemGroup>
</Project>